
Microsoft Visual Studio Solution File, Format Version 12.00
# Visual Studio Version 16
VisualStudioVersion = 16.0.31729.503
MinimumVisualStudioVersion = 10.0.40219.1
Project("{9A19103F-16F7-4668-BE54-9A1E7A4F7556}") = "VacationPlanner", "Vacation Planner\VacationPlanner.csproj", "{3116F5AA-AD1B-4A85-9426-55E70B69FF49}"
EndProject
Project("{9A19103F-16F7-4668-BE54-9A1E7A4F7556}") = "VacationPlanner.xUnitTests", "VacationPlanner.xUnitTests\VacationPlanner.xUnitTests.csproj", "{93E3C75F-342A-4E1F-9C89-800D2715F993}"
EndProject
Project("{2150E333-8FDC-42A3-9474-1A3956D46DE8}") = "Solution Items", "Solution Items", "{717F2C18-4E32-477F-8F59-43EAAB39914E}"
	ProjectSection(SolutionItems) = preProject
		.gitignore = .gitignore
	EndProjectSection
EndProject
Project("{FAE04EC0-301F-11D3-BF4B-00C04F79EFBC}") = "VacationPlanner.xIntegrationTests", "VacationPlanner.xIntegrationTests\VacationPlanner.xIntegrationTests.csproj", "{E6427706-16FC-4BDE-AC16-4F2BE4557EF9}"
EndProject
Global
	GlobalSection(SolutionConfigurationPlatforms) = preSolution
		Debug|Any CPU = Debug|Any CPU
		Release|Any CPU = Release|Any CPU
	EndGlobalSection
	GlobalSection(ProjectConfigurationPlatforms) = postSolution
		{3116F5AA-AD1B-4A85-9426-55E70B69FF49}.Debug|Any CPU.ActiveCfg = Debug|Any CPU
		{3116F5AA-AD1B-4A85-9426-55E70B69FF49}.Debug|Any CPU.Build.0 = Debug|Any CPU
		{3116F5AA-AD1B-4A85-9426-55E70B69FF49}.Release|Any CPU.ActiveCfg = Release|Any CPU
		{3116F5AA-AD1B-4A85-9426-55E70B69FF49}.Release|Any CPU.Build.0 = Release|Any CPU
		{93E3C75F-342A-4E1F-9C89-800D2715F993}.Debug|Any CPU.ActiveCfg = Debug|Any CPU
		{93E3C75F-342A-4E1F-9C89-800D2715F993}.Debug|Any CPU.Build.0 = Debug|Any CPU
		{93E3C75F-342A-4E1F-9C89-800D2715F993}.Release|Any CPU.ActiveCfg = Release|Any CPU
		{93E3C75F-342A-4E1F-9C89-800D2715F993}.Release|Any CPU.Build.0 = Release|Any CPU
		{E6427706-16FC-4BDE-AC16-4F2BE4557EF9}.Debug|Any CPU.ActiveCfg = Debug|Any CPU
		{E6427706-16FC-4BDE-AC16-4F2BE4557EF9}.Debug|Any CPU.Build.0 = Debug|Any CPU
		{E6427706-16FC-4BDE-AC16-4F2BE4557EF9}.Release|Any CPU.ActiveCfg = Release|Any CPU
		{E6427706-16FC-4BDE-AC16-4F2BE4557EF9}.Release|Any CPU.Build.0 = Release|Any CPU
	EndGlobalSection
	GlobalSection(SolutionProperties) = preSolution
		HideSolutionNode = FALSE
	EndGlobalSection
	GlobalSection(ExtensibilityGlobals) = postSolution
		SolutionGuid = {5A5D1163-8DCC-42A6-8FDC-CA079437F2D4}
	EndGlobalSection
EndGlobal
